<?xml version="1.0" encoding="utf-8"?>
<Project ToolsVersion="4.0" xmlns="http://schemas.microsoft.com/developer/msbuild/2003">
  <ItemGroup>
    <Filter Include="Source Files">
      <UniqueIdentifier>{4FC737F1-C7A5-4376-A066-2A32D752A2FF}</UniqueIdentifier>
      <Extensions>cpp;c;cc;cxx;c++;cppm;ixx;def;odl;idl;hpj;bat;asm;asmx</Extensions>
    </Filter>
    <Filter Include="Header Files">
      <UniqueIdentifier>{93995380-89BD-4b04-88EB-625FBE52EBFB}</UniqueIdentifier>
      <Extensions>h;hh;hpp;hxx;h++;hm;inl;inc;ipp;xsd</Extensions>
    </Filter>
    <Filter Include="Resource Files">
      <UniqueIdentifier>{67DA6AB6-F800-4c08-8B7A-83BB121AAD01}</UniqueIdentifier>
      <Extensions>rc;ico;cur;bmp;dlg;rc2;rct;bin;rgs;gif;jpg;jpeg;jpe;resx;tiff;tif;png;wav;mfcribbon-ms</Extensions>
    </Filter>
    <Filter Include="Source Files\Bridge">
      <UniqueIdentifier>{2a01b730-cdfd-46eb-b824-d2c3b8021892}</UniqueIdentifier>
    </Filter>
    <Filter Include="Source Files\Tray">
      <UniqueIdentifier>{577b91e5-bc76-4060-9ba0-771ce6b6d077}</UniqueIdentifier>
    </Filter>
    <Filter Include="Source Files\Global">
      <UniqueIdentifier>{0e813741-9b2c-4dc3-9913-e2ed672a9552}</UniqueIdentifier>
    </Filter>
    <Filter Include="Source Files\Gamepad">
      <UniqueIdentifier>{398e8b9d-51df-48db-be72-06b73bbca35b}</UniqueIdentifier>
    </Filter>
    <Filter Include="Source Files\Input">
      <UniqueIdentifier>{64cd27eb-cfe1-4190-b648-e93c0082e9d9}</UniqueIdentifier>
    </Filter>
  </ItemGroup>
  <ItemGroup>
    <ClCompile Include="src\main.cpp">
      <Filter>Source Files</Filter>
    </ClCompile>
    <ClCompile Include="src\Tray\Tray.cpp">
      <Filter>Source Files\Tray</Filter>
    </ClCompile>
    <ClCompile Include="src\Input\ControllerManager.cpp">
      <Filter>Source Files\Input</Filter>
    </ClCompile>
    <ClCompile Include="src\Global\Global.cpp">
      <Filter>Source Files\Global</Filter>
    </ClCompile>
    <ClCompile Include="src\Gamepad\GamepadManager.cpp">
      <Filter>Source Files\Gamepad</Filter>
    </ClCompile>
    <ClCompile Include="src\Bridge\ViGEmManager.cpp">
      <Filter>Source Files\Bridge</Filter>
    </ClCompile>
  </ItemGroup>
  <ItemGroup>
    <ClInclude Include="src\Tray\Tray.h">
      <Filter>Source Files\Tray</Filter>
    </ClInclude>
    <ClInclude Include="src\Input\ControllerManager.h">
      <Filter>Source Files\Input</Filter>
    </ClInclude>
    <ClInclude Include="src\Global\Global.h">
      <Filter>Source Files\Global</Filter>
    </ClInclude>
    <ClInclude Include="src\Gamepad\GamepadManager.h">
      <Filter>Source Files\Gamepad</Filter>
    </ClInclude>
    <ClInclude Include="src\InputState.h">
      <Filter>Source Files</Filter>
    </ClInclude>
    <ClInclude Include="src\Bridge\ViGEmManager.h">
      <Filter>Source Files\Bridge</Filter>
    </ClInclude>
    <ClInclude Include="resource.h">
      <Filter>Header Files</Filter>
    </ClInclude>
  </ItemGroup>
  <ItemGroup>
    <ResourceCompile Include="DevlitchInput.rc">
      <Filter>Resource Files</Filter>
    </ResourceCompile>
  </ItemGroup>
  <ItemGroup>
    <Image Include="assets\icon.ico">
      <Filter>Resource Files</Filter>
    </Image>
  </ItemGroup>
</Project>